
Microsoft Visual Studio Solution File, Format Version 12.00
# Visual Studio Version 16
VisualStudioVersion = 16.0.29102.190
MinimumVisualStudioVersion = 10.0.40219.1
Project("{FAE04EC0-301F-11D3-BF4B-00C04F79EFBC}") = "H1-verbruik-wagen", "H1-verbruik-wagen\H1-verbruik-wagen.csproj", "{A6010D54-ECE1-4DD5-9BFC-0B6E1389BCD7}"
EndProject
Global
	GlobalSection(SolutionConfigurationPlatforms) = preSolution
		Debug|Any CPU = Debug|Any CPU
		Release|Any CPU = Release|Any CPU
	EndGlobalSection
	GlobalSection(ProjectConfigurationPlatforms) = postSolution
		{A6010D54-ECE1-4DD5-9BFC-0B6E1389BCD7}.Debug|Any CPU.ActiveCfg = Debug|Any CPU
		{A6010D54-ECE1-4DD5-9BFC-0B6E1389BCD7}.Debug|Any CPU.Build.0 = Debug|Any CPU
		{A6010D54-ECE1-4DD5-9BFC-0B6E1389BCD7}.Release|Any CPU.ActiveCfg = Release|Any CPU
		{A6010D54-ECE1-4DD5-9BFC-0B6E1389BCD7}.Release|Any CPU.Build.0 = Release|Any CPU
	EndGlobalSection
	GlobalSection(SolutionProperties) = preSolution
		HideSolutionNode = FALSE
	EndGlobalSection
	GlobalSection(ExtensibilityGlobals) = postSolution
		SolutionGuid = {552D7835-AB32-4FCD-853A-6061E7692126}
	EndGlobalSection
EndGlobal
